{
  "name": "twittertobluesky",
  "version": "0.3.1",
  "lockfileVersion": 3,
  "requires": true,
  "packages": {
    "": {
      "name": "twittertobluesky",
      "version": "0.3.1",
      "license": "ISC",
      "dependencies": {
        "@atproto/api": "^0.12.2",
        "dotenv": "^16.4.5",
        "follow-redirects": "^1.15.6",
        "process": "^0.11.10",
        "urijs": "^1.19.11"
      },
      "devDependencies": {
        "@types/follow-redirects": "^1.14.4",
        "@types/node": "^20.16.12",
        "@types/urijs": "^1.19.25"
      },
      "engines": {
        "node": ">=20.12.0"
      }
    },
    "node_modules/@atproto/api": {
      "version": "0.12.2",
      "resolved": "https://registry.npmjs.org/@atproto/api/-/api-0.12.2.tgz",
      "integrity": "sha512-UVzCiDZH2j0wrr/O8nb1edD5cYLVqB5iujueXUCbHS3rAwIxgmyLtA3Hzm2QYsGPo/+xsIg1fNvpq9rNT6KWUA==",
      "dependencies": {
        "@atproto/common-web": "^0.3.0",
        "@atproto/lexicon": "^0.4.0",
        "@atproto/syntax": "^0.3.0",
        "@atproto/xrpc": "^0.5.0",
        "multiformats": "^9.9.0",
        "tlds": "^1.234.0"
      }
    },
    "node_modules/@atproto/common-web": {
      "version": "0.3.0",
      "resolved": "https://registry.npmjs.org/@atproto/common-web/-/common-web-0.3.0.tgz",
      "integrity": "sha512-67VnV6JJyX+ZWyjV7xFQMypAgDmjVaR9ZCuU/QW+mqlqI7fex2uL4Fv+7/jHadgzhuJHVd6OHOvNn0wR5WZYtA==",
      "dependencies": {
        "graphemer": "^1.4.0",
        "multiformats": "^9.9.0",
        "uint8arrays": "3.0.0",
        "zod": "^3.21.4"
      }
    },
    "node_modules/@atproto/lexicon": {
      "version": "0.4.0",
      "resolved": "https://registry.npmjs.org/@atproto/lexicon/-/lexicon-0.4.0.tgz",
      "integrity": "sha512-RvCBKdSI4M8qWm5uTNz1z3R2yIvIhmOsMuleOj8YR6BwRD+QbtUBy3l+xQ7iXf4M5fdfJFxaUNa6Ty0iRwdKqQ==",
      "dependencies": {
        "@atproto/common-web": "^0.3.0",
        "@atproto/syntax": "^0.3.0",
        "iso-datestring-validator": "^2.2.2",
        "multiformats": "^9.9.0",
        "zod": "^3.21.4"
      }
    },
    "node_modules/@atproto/syntax": {
      "version": "0.3.0",
      "resolved": "https://registry.npmjs.org/@atproto/syntax/-/syntax-0.3.0.tgz",
      "integrity": "sha512-Weq0ZBxffGHDXHl9U7BQc2BFJi/e23AL+k+i5+D9hUq/bzT4yjGsrCejkjq0xt82xXDjmhhvQSZ0LqxyZ5woxA=="
    },
    "node_modules/@atproto/xrpc": {
      "version": "0.5.0",
      "resolved": "https://registry.npmjs.org/@atproto/xrpc/-/xrpc-0.5.0.tgz",
      "integrity": "sha512-swu+wyOLvYW4l3n+VAuJbHcPcES+tin2Lsrp8Bw5aIXIICiuFn1YMFlwK9JwVUzTH21Py1s1nHEjr4CJeElJog==",
      "dependencies": {
        "@atproto/lexicon": "^0.4.0",
        "zod": "^3.21.4"
      }
    },
    "node_modules/@types/follow-redirects": {
      "version": "1.14.4",
      "resolved": "https://registry.npmjs.org/@types/follow-redirects/-/follow-redirects-1.14.4.tgz",
      "integrity": "sha512-GWXfsD0Jc1RWiFmMuMFCpXMzi9L7oPDVwxUnZdg89kDNnqsRfUKXEtUYtA98A6lig1WXH/CYY/fvPW9HuN5fTA==",
      "dev": true,
      "dependencies": {
        "@types/node": "*"
      }
    },
    "node_modules/@types/node": {
      "version": "20.16.12",
      "resolved": "https://registry.npmjs.org/@types/node/-/node-20.16.12.tgz",
      "integrity": "sha512-LfPFB0zOeCeCNQV3i+67rcoVvoN5n0NVuR2vLG0O5ySQMgchuZlC4lgz546ZOJyDtj5KIgOxy+lacOimfqZAIA==",
      "dev": true,
      "dependencies": {
        "undici-types": "~6.19.2"
      }
    },
    "node_modules/@types/urijs": {
      "version": "1.19.25",
      "resolved": "https://registry.npmjs.org/@types/urijs/-/urijs-1.19.25.tgz",
      "integrity": "sha512-XOfUup9r3Y06nFAZh3WvO0rBU4OtlfPB/vgxpjg+NRdGU6CN6djdc6OEiH+PcqHCY6eFLo9Ista73uarf4gnBg==",
      "dev": true
    },
    "node_modules/dotenv": {
      "version": "16.4.5",
      "resolved": "https://registry.npmjs.org/dotenv/-/dotenv-16.4.5.tgz",
      "integrity": "sha512-ZmdL2rui+eB2YwhsWzjInR8LldtZHGDoQ1ugH85ppHKwpUHL7j7rN0Ti9NCnGiQbhaZ11FpR+7ao1dNsmduNUg==",
      "engines": {
        "node": ">=12"
      },
      "funding": {
        "url": "https://dotenvx.com"
      }
    },
    "node_modules/follow-redirects": {
      "version": "1.15.6",
      "resolved": "https://registry.npmjs.org/follow-redirects/-/follow-redirects-1.15.6.tgz",
      "integrity": "sha512-wWN62YITEaOpSK584EZXJafH1AGpO8RVgElfkuXbTOrPX4fIfOyEpW/CsiNd8JdYrAoOvafRTOEnvsO++qCqFA==",
      "funding": [
        {
          "type": "individual",
          "url": "https://github.com/sponsors/RubenVerborgh"
        }
      ],
      "engines": {
        "node": ">=4.0"
      },
      "peerDependenciesMeta": {
        "debug": {
          "optional": true
        }
      }
    },
    "node_modules/graphemer": {
      "version": "1.4.0",
      "resolved": "https://registry.npmjs.org/graphemer/-/graphemer-1.4.0.tgz",
      "integrity": "sha512-EtKwoO6kxCL9WO5xipiHTZlSzBm7WLT627TqC/uVRd0HKmq8NXyebnNYxDoBi7wt8eTWrUrKXCOVaFq9x1kgag=="
    },
    "node_modules/iso-datestring-validator": {
      "version": "2.2.2",
      "resolved": "https://registry.npmjs.org/iso-datestring-validator/-/iso-datestring-validator-2.2.2.tgz",
      "integrity": "sha512-yLEMkBbLZTlVQqOnQ4FiMujR6T4DEcCb1xizmvXS+OxuhwcbtynoosRzdMA69zZCShCNAbi+gJ71FxZBBXx1SA=="
    },
    "node_modules/multiformats": {
      "version": "9.9.0",
      "resolved": "https://registry.npmjs.org/multiformats/-/multiformats-9.9.0.tgz",
      "integrity": "sha512-HoMUjhH9T8DDBNT+6xzkrd9ga/XiBI4xLr58LJACwK6G3HTOPeMz4nB4KJs33L2BelrIJa7P0VuNaVF3hMYfjg=="
    },
    "node_modules/process": {
      "version": "0.11.10",
      "resolved": "https://registry.npmjs.org/process/-/process-0.11.10.tgz",
      "integrity": "sha512-cdGef/drWFoydD1JsMzuFf8100nZl+GT+yacc2bEced5f9Rjk4z+WtFUTBu9PhOi9j/jfmBPu0mMEY4wIdAF8A==",
      "engines": {
        "node": ">= 0.6.0"
      }
    },
    "node_modules/tlds": {
      "version": "1.252.0",
      "resolved": "https://registry.npmjs.org/tlds/-/tlds-1.252.0.tgz",
      "integrity": "sha512-GA16+8HXvqtfEnw/DTcwB0UU354QE1n3+wh08oFjr6Znl7ZLAeUgYzCcK+/CCrOyE0vnHR8/pu3XXG3vDijXpQ==",
      "bin": {
        "tlds": "bin.js"
      }
    },
    "node_modules/uint8arrays": {
      "version": "3.0.0",
      "resolved": "https://registry.npmjs.org/uint8arrays/-/uint8arrays-3.0.0.tgz",
      "integrity": "sha512-HRCx0q6O9Bfbp+HHSfQQKD7wU70+lydKVt4EghkdOvlK/NlrF90z+eXV34mUd48rNvVJXwkrMSPpCATkct8fJA==",
      "dependencies": {
        "multiformats": "^9.4.2"
      }
    },
    "node_modules/undici-types": {
      "version": "6.19.8",
      "resolved": "https://registry.npmjs.org/undici-types/-/undici-types-6.19.8.tgz",
      "integrity": "sha512-ve2KP6f/JnbPBFyobGHuerC9g1FYGn/F8n1LWTwNxCEzd6IfqTwUQcNXgEtmmQ6DlRrC1hrSrBnCZPokRrDHjw==",
      "dev": true
    },
    "node_modules/urijs": {
      "version": "1.19.11",
      "resolved": "https://registry.npmjs.org/urijs/-/urijs-1.19.11.tgz",
      "integrity": "sha512-HXgFDgDommxn5/bIv0cnQZsPhHDA90NPHD6+c/v21U5+Sx5hoP8+dP9IZXBU1gIfvdRfhG8cel9QNPeionfcCQ=="
    },
    "node_modules/zod": {
      "version": "3.22.4",
      "resolved": "https://registry.npmjs.org/zod/-/zod-3.22.4.tgz",
      "integrity": "sha512-iC+8Io04lddc+mVqQ9AZ7OQ2MrUKGN+oIQyq1vemgt46jwCwLfhq7/pwnBnNXXXZb8VTVLKwp9EDkx+ryxIWmg==",
      "funding": {
        "url": "https://github.com/sponsors/colinhacks"
      }
    }
  }
}
